{
  "name": "similarity",
  "version": "1.0.0",
  "lockfileVersion": 1,
  "requires": true,
  "dependencies": {
    "buffer-crc32": {
      "version": "0.1.1",
      "resolved": "https://registry.npmjs.org/buffer-crc32/-/buffer-crc32-0.1.1.tgz",
      "integrity": "sha1-fhENyZU5CKt8MqzccMn5RbHLxSY="
    },
    "jaro-winkler": {
      "version": "0.2.8",
      "resolved": "https://registry.npmjs.org/jaro-winkler/-/jaro-winkler-0.2.8.tgz",
      "integrity": "sha1-Zyfg0LcJHiQ2+TVt6b+I+tI+U0o="
    },
    "simhash": {
      "version": "0.1.0",
      "resolved": "https://registry.npmjs.org/simhash/-/simhash-0.1.0.tgz",
      "integrity": "sha1-eVBN0DNXmlt4+u9ls03vTzQEYNw=",
      "requires": {
        "buffer-crc32": "0.1.1"
      }
    }
  }
}
